{
  "name": "spl-blueprint-program-js",
  "version": "0.1.0",
  "lockfileVersion": 3,
  "requires": true,
  "packages": {
    "": {
      "name": "spl-blueprint-program-js",
      "version": "0.1.0",
      "license": "MIT",
      "dependencies": {
        "@solana/web3.js": "^2.0.0-experimental.777610f"
      }
    },
    "node_modules/@metaplex-foundation/umi-options": {
      "version": "0.8.9",
      "resolved": "https://registry.npmjs.org/@metaplex-foundation/umi-options/-/umi-options-0.8.9.tgz",
      "integrity": "sha512-jSQ61sZMPSAk/TXn8v8fPqtz3x8d0/blVZXLLbpVbo2/T5XobiI6/MfmlUosAjAUaQl6bHRF8aIIqZEFkJiy4A=="
    },
    "node_modules/@metaplex-foundation/umi-public-keys": {
      "version": "0.8.9",
      "resolved": "https://registry.npmjs.org/@metaplex-foundation/umi-public-keys/-/umi-public-keys-0.8.9.tgz",
      "integrity": "sha512-CxMzN7dgVGOq9OcNCJe2casKUpJ3RmTVoOvDFyeoTQuK+vkZ1YSSahbqC1iGuHEtKTLSjtWjKvUU6O7zWFTw3Q==",
      "dependencies": {
        "@metaplex-foundation/umi-serializers-encodings": "^0.8.9"
      }
    },
    "node_modules/@metaplex-foundation/umi-serializers": {
      "version": "0.8.9",
      "resolved": "https://registry.npmjs.org/@metaplex-foundation/umi-serializers/-/umi-serializers-0.8.9.tgz",
      "integrity": "sha512-Sve8Etm3zqvLSUfza+MYRkjTnCpiaAFT7VWdqeHzA3n58P0AfT3p74RrZwVt/UFkxI+ln8BslwBDJmwzcPkuHw==",
      "dependencies": {
        "@metaplex-foundation/umi-options": "^0.8.9",
        "@metaplex-foundation/umi-public-keys": "^0.8.9",
        "@metaplex-foundation/umi-serializers-core": "^0.8.9",
        "@metaplex-foundation/umi-serializers-encodings": "^0.8.9",
        "@metaplex-foundation/umi-serializers-numbers": "^0.8.9"
      }
    },
    "node_modules/@metaplex-foundation/umi-serializers-core": {
      "version": "0.8.9",
      "resolved": "https://registry.npmjs.org/@metaplex-foundation/umi-serializers-core/-/umi-serializers-core-0.8.9.tgz",
      "integrity": "sha512-WT82tkiYJ0Qmscp7uTj1Hz6aWQPETwaKLAENAUN5DeWghkuBKtuxyBKVvEOuoXerJSdhiAk0e8DWA4cxcTTQ/w=="
    },
    "node_modules/@metaplex-foundation/umi-serializers-encodings": {
      "version": "0.8.9",
      "resolved": "https://registry.npmjs.org/@metaplex-foundation/umi-serializers-encodings/-/umi-serializers-encodings-0.8.9.tgz",
      "integrity": "sha512-N3VWLDTJ0bzzMKcJDL08U3FaqRmwlN79FyE4BHj6bbAaJ9LEHjDQ9RJijZyWqTm0jE7I750fU7Ow5EZL38Xi6Q==",
      "dependencies": {
        "@metaplex-foundation/umi-serializers-core": "^0.8.9"
      }
    },
    "node_modules/@metaplex-foundation/umi-serializers-numbers": {
      "version": "0.8.9",
      "resolved": "https://registry.npmjs.org/@metaplex-foundation/umi-serializers-numbers/-/umi-serializers-numbers-0.8.9.tgz",
      "integrity": "sha512-NtBf1fnVNQJHFQjLFzRu2i9GGnigb9hOm/Gfrk628d0q0tRJB7BOM3bs5C61VAs7kJs4yd+pDNVAERJkknQ7Lg==",
      "dependencies": {
        "@metaplex-foundation/umi-serializers-core": "^0.8.9"
      }
    },
    "node_modules/@solana/addresses": {
      "version": "2.0.0-experimental.777610f",
      "resolved": "https://registry.npmjs.org/@solana/addresses/-/addresses-2.0.0-experimental.777610f.tgz",
      "integrity": "sha512-RaPQOnpIF/5qP3BbwrbFM42cam4j84F6RN7It9/5jAbCzDrhBxNoQ1xpOhe6p3ejD2O8msUm7P9+ybc9yxk0dQ==",
      "dependencies": {
        "@metaplex-foundation/umi-serializers": "^0.8.9",
        "@solana/assertions": "2.0.0-experimental.777610f"
      }
    },
    "node_modules/@solana/assertions": {
      "version": "2.0.0-experimental.777610f",
      "resolved": "https://registry.npmjs.org/@solana/assertions/-/assertions-2.0.0-experimental.777610f.tgz",
      "integrity": "sha512-QIHzkcCL001IWldE3P8DhCcsZSssraZAIIwfRF4AQvwh2jmXgoVhQl4hHJclLaDeExevFb3bXxZyt4R+uOhZjA=="
    },
    "node_modules/@solana/instructions": {
      "version": "2.0.0-experimental.777610f",
      "resolved": "https://registry.npmjs.org/@solana/instructions/-/instructions-2.0.0-experimental.777610f.tgz",
      "integrity": "sha512-rOzUw9JhtYHKvp/YTKPfi98KVc2lWqkDpE5i37OGHahO+BG8TTPT45pPSjLmcuR/FpSwspQxHb18gv6SqWwjTw=="
    },
    "node_modules/@solana/keys": {
      "version": "2.0.0-experimental.777610f",
      "resolved": "https://registry.npmjs.org/@solana/keys/-/keys-2.0.0-experimental.777610f.tgz",
      "integrity": "sha512-qZc86z3xaRKl5J3O8vb+QWDgBVY4O1nQOavmmWuKGmG6ssuc0vVJRIaPqHO1tFMxjXPl8K8y1eqZ+4941KW6kg==",
      "dependencies": {
        "@solana/assertions": "2.0.0-experimental.777610f"
      }
    },
    "node_modules/@solana/rpc-core": {
      "version": "2.0.0-experimental.777610f",
      "resolved": "https://registry.npmjs.org/@solana/rpc-core/-/rpc-core-2.0.0-experimental.777610f.tgz",
      "integrity": "sha512-4e8e1nfVin5svi9hCW0LlZjHdiU7FbZO7dJKnTnChXFo50AAZZ8d1JK0IDW8qIiM3BG8hQIvx/54hPwsVYA5Uw==",
      "dependencies": {
        "@metaplex-foundation/umi-serializers": "^0.8.9"
      }
    },
    "node_modules/@solana/rpc-transport": {
      "version": "2.0.0-experimental.777610f",
      "resolved": "https://registry.npmjs.org/@solana/rpc-transport/-/rpc-transport-2.0.0-experimental.777610f.tgz",
      "integrity": "sha512-uCO7OUYYPqfA1UqtiCWdZCTH09B46d0i8Er/QB9Mw53AMMTQoSFo+riyYtAr3OZnx7AY+ZVx19e0uO4cOmO6sg==",
      "peerDependencies": {
        "node-fetch": "^2.6.7",
        "ws": "^8.14.0"
      }
    },
    "node_modules/@solana/transactions": {
      "version": "2.0.0-experimental.777610f",
      "resolved": "https://registry.npmjs.org/@solana/transactions/-/transactions-2.0.0-experimental.777610f.tgz",
      "integrity": "sha512-7USWQYIvQXqhOafZ43DVk+X3v+BADfk1JsNkBTh0Xk051jBduJfM/I8pCB754OXOHIPI9XdkqBpdEUxosgdsPA==",
      "dependencies": {
        "@metaplex-foundation/umi-serializers": "^0.8.9",
        "@solana/addresses": "2.0.0-experimental.777610f",
        "@solana/keys": "2.0.0-experimental.777610f"
      }
    },
    "node_modules/@solana/web3.js": {
      "version": "2.0.0-experimental.777610f",
      "resolved": "https://registry.npmjs.org/@solana/web3.js/-/web3.js-2.0.0-experimental.777610f.tgz",
      "integrity": "sha512-MoieC7RuaXmlslbkyHfmGUTBQdFEYOl9sa4OtkpssrY1+yLKRMKzqk/04ZaKoQQJ7eTK4HlGc8XM8yR0pdbN1w==",
      "dependencies": {
        "@solana/addresses": "2.0.0-experimental.777610f",
        "@solana/instructions": "2.0.0-experimental.777610f",
        "@solana/keys": "2.0.0-experimental.777610f",
        "@solana/rpc-core": "2.0.0-experimental.777610f",
        "@solana/rpc-transport": "2.0.0-experimental.777610f",
        "@solana/transactions": "2.0.0-experimental.777610f",
        "fast-stable-stringify": "^1.0.0"
      }
    },
    "node_modules/fast-stable-stringify": {
      "version": "1.0.0",
      "resolved": "https://registry.npmjs.org/fast-stable-stringify/-/fast-stable-stringify-1.0.0.tgz",
      "integrity": "sha512-wpYMUmFu5f00Sm0cj2pfivpmawLZ0NKdviQ4w9zJeR8JVtOpOxHmLaJuj0vxvGqMJQWyP/COUkF75/57OKyRag=="
    },
    "node_modules/node-fetch": {
      "version": "2.7.0",
      "resolved": "https://registry.npmjs.org/node-fetch/-/node-fetch-2.7.0.tgz",
      "integrity": "sha512-c4FRfUm/dbcWZ7U+1Wq0AwCyFL+3nt2bEw05wfxSz+DWpWsitgmSgYmy2dQdWyKC1694ELPqMs/YzUSNozLt8A==",
      "peer": true,
      "dependencies": {
        "whatwg-url": "^5.0.0"
      },
      "engines": {
        "node": "4.x || >=6.0.0"
      },
      "peerDependencies": {
        "encoding": "^0.1.0"
      },
      "peerDependenciesMeta": {
        "encoding": {
          "optional": true
        }
      }
    },
    "node_modules/tr46": {
      "version": "0.0.3",
      "resolved": "https://registry.npmjs.org/tr46/-/tr46-0.0.3.tgz",
      "integrity": "sha512-N3WMsuqV66lT30CrXNbEjx4GEwlow3v6rr4mCcv6prnfwhS01rkgyFdjPNBYd9br7LpXV1+Emh01fHnq2Gdgrw==",
      "peer": true
    },
    "node_modules/webidl-conversions": {
      "version": "3.0.1",
      "resolved": "https://registry.npmjs.org/webidl-conversions/-/webidl-conversions-3.0.1.tgz",
      "integrity": "sha512-2JAn3z8AR6rjK8Sm8orRC0h/bcl/DqL7tRPdGZ4I1CjdF+EaMLmYxBHyXuKL849eucPFhvBoxMsflfOb8kxaeQ==",
      "peer": true
    },
    "node_modules/whatwg-url": {
      "version": "5.0.0",
      "resolved": "https://registry.npmjs.org/whatwg-url/-/whatwg-url-5.0.0.tgz",
      "integrity": "sha512-saE57nupxk6v3HY35+jzBwYa0rKSy0XR8JSxZPwgLr7ys0IBzhGviA1/TUGJLmSVqs8pb9AnvICXEuOHLprYTw==",
      "peer": true,
      "dependencies": {
        "tr46": "~0.0.3",
        "webidl-conversions": "^3.0.0"
      }
    },
    "node_modules/ws": {
      "version": "8.14.2",
      "resolved": "https://registry.npmjs.org/ws/-/ws-8.14.2.tgz",
      "integrity": "sha512-wEBG1ftX4jcglPxgFCMJmZ2PLtSbJ2Peg6TmpJFTbe9GZYOQCDPdMYu/Tm0/bGZkw8paZnJY45J4K2PZrLYq8g==",
      "peer": true,
      "engines": {
        "node": ">=10.0.0"
      },
      "peerDependencies": {
        "bufferutil": "^4.0.1",
        "utf-8-validate": ">=5.0.2"
      },
      "peerDependenciesMeta": {
        "bufferutil": {
          "optional": true
        },
        "utf-8-validate": {
          "optional": true
        }
      }
    }
  }
}
